
Microsoft Visual Studio Solution File, Format Version 12.00
# Visual Studio 15
VisualStudioVersion = 15.0.28307.1000
MinimumVisualStudioVersion = 10.0.40219.1
Project("{FAE04EC0-301F-11D3-BF4B-00C04F79EFBC}") = "Rentlix", "Rentlix\Rentlix.csproj", "{E01C922A-820A-4A17-B768-7725148204EA}"
EndProject
Global
	GlobalSection(SolutionConfigurationPlatforms) = preSolution
		Debug|Any CPU = Debug|Any CPU
		Release|Any CPU = Release|Any CPU
	EndGlobalSection
	GlobalSection(ProjectConfigurationPlatforms) = postSolution
		{E01C922A-820A-4A17-B768-7725148204EA}.Debug|Any CPU.ActiveCfg = Debug|Any CPU
		{E01C922A-820A-4A17-B768-7725148204EA}.Debug|Any CPU.Build.0 = Debug|Any CPU
		{E01C922A-820A-4A17-B768-7725148204EA}.Release|Any CPU.ActiveCfg = Release|Any CPU
		{E01C922A-820A-4A17-B768-7725148204EA}.Release|Any CPU.Build.0 = Release|Any CPU
	EndGlobalSection
	GlobalSection(SolutionProperties) = preSolution
		HideSolutionNode = FALSE
	EndGlobalSection
	GlobalSection(ExtensibilityGlobals) = postSolution
		SolutionGuid = {67BDD0DB-1EFF-4737-82AB-9F0D71F76967}
	EndGlobalSection
EndGlobal
